
Microsoft Visual Studio Solution File, Format Version 12.00
# Visual Studio Version 17
VisualStudioVersion = 17.10.35122.118
MinimumVisualStudioVersion = 10.0.40219.1
Project("{FAE04EC0-301F-11D3-BF4B-00C04F79EFBC}") = "Northwind.Common.EntityModels.SqlServer", "Northwind.Common.EntityModels.SqlServer\Northwind.Common.EntityModels.SqlServer.csproj", "{5FF8B381-FB73-424A-AF5B-945CA2762E37}"
EndProject
Project("{FAE04EC0-301F-11D3-BF4B-00C04F79EFBC}") = "Northwind.Common.DataContext.SqlServer", "Northwind.Common.DataContext.SqlServer\Northwind.Common.DataContext.SqlServer.csproj", "{921BB02D-9917-4E7F-A7FE-C955CD16E2F7}"
EndProject
Global
	GlobalSection(SolutionConfigurationPlatforms) = preSolution
		Debug|Any CPU = Debug|Any CPU
		Release|Any CPU = Release|Any CPU
	EndGlobalSection
	GlobalSection(ProjectConfigurationPlatforms) = postSolution
		{5FF8B381-FB73-424A-AF5B-945CA2762E37}.Debug|Any CPU.ActiveCfg = Debug|Any CPU
		{5FF8B381-FB73-424A-AF5B-945CA2762E37}.Debug|Any CPU.Build.0 = Debug|Any CPU
		{5FF8B381-FB73-424A-AF5B-945CA2762E37}.Release|Any CPU.ActiveCfg = Release|Any CPU
		{5FF8B381-FB73-424A-AF5B-945CA2762E37}.Release|Any CPU.Build.0 = Release|Any CPU
		{921BB02D-9917-4E7F-A7FE-C955CD16E2F7}.Debug|Any CPU.ActiveCfg = Debug|Any CPU
		{921BB02D-9917-4E7F-A7FE-C955CD16E2F7}.Debug|Any CPU.Build.0 = Debug|Any CPU
		{921BB02D-9917-4E7F-A7FE-C955CD16E2F7}.Release|Any CPU.ActiveCfg = Release|Any CPU
		{921BB02D-9917-4E7F-A7FE-C955CD16E2F7}.Release|Any CPU.Build.0 = Release|Any CPU
	EndGlobalSection
	GlobalSection(SolutionProperties) = preSolution
		HideSolutionNode = FALSE
	EndGlobalSection
	GlobalSection(ExtensibilityGlobals) = postSolution
		SolutionGuid = {A06D5902-4FE1-44AA-8A18-4991423DCA8F}
	EndGlobalSection
EndGlobal
