
Microsoft Visual Studio Solution File, Format Version 12.00
# Visual Studio Version 17
VisualStudioVersion = 17.10.35122.118
MinimumVisualStudioVersion = 10.0.40219.1
Project("{FAE04EC0-301F-11D3-BF4B-00C04F79EFBC}") = "01_HelloCS", "01_HelloCS\01_HelloCS.csproj", "{A3892077-D5F1-4505-971B-620E8D306543}"
EndProject
Project("{FAE04EC0-301F-11D3-BF4B-00C04F79EFBC}") = "02_TopLevelProgram", "02_TopLevelProgram\02_TopLevelProgram.csproj", "{5F56B41B-BE1A-4CAD-898E-E429E5F4EA70}"
EndProject
Global
	GlobalSection(SolutionConfigurationPlatforms) = preSolution
		Debug|Any CPU = Debug|Any CPU
		Release|Any CPU = Release|Any CPU
	EndGlobalSection
	GlobalSection(ProjectConfigurationPlatforms) = postSolution
		{A3892077-D5F1-4505-971B-620E8D306543}.Debug|Any CPU.ActiveCfg = Debug|Any CPU
		{A3892077-D5F1-4505-971B-620E8D306543}.Debug|Any CPU.Build.0 = Debug|Any CPU
		{A3892077-D5F1-4505-971B-620E8D306543}.Release|Any CPU.ActiveCfg = Release|Any CPU
		{A3892077-D5F1-4505-971B-620E8D306543}.Release|Any CPU.Build.0 = Release|Any CPU
		{5F56B41B-BE1A-4CAD-898E-E429E5F4EA70}.Debug|Any CPU.ActiveCfg = Debug|Any CPU
		{5F56B41B-BE1A-4CAD-898E-E429E5F4EA70}.Debug|Any CPU.Build.0 = Debug|Any CPU
		{5F56B41B-BE1A-4CAD-898E-E429E5F4EA70}.Release|Any CPU.ActiveCfg = Release|Any CPU
		{5F56B41B-BE1A-4CAD-898E-E429E5F4EA70}.Release|Any CPU.Build.0 = Release|Any CPU
	EndGlobalSection
	GlobalSection(SolutionProperties) = preSolution
		HideSolutionNode = FALSE
	EndGlobalSection
	GlobalSection(ExtensibilityGlobals) = postSolution
		SolutionGuid = {006793A7-9636-4B08-A50C-5599E51E3A27}
	EndGlobalSection
EndGlobal
