
Microsoft Visual Studio Solution File, Format Version 12.00
# Visual Studio Version 17
VisualStudioVersion = 17.10.35122.118
MinimumVisualStudioVersion = 10.0.40219.1
Project("{FAE04EC0-301F-11D3-BF4B-00C04F79EFBC}") = "01_LinqWithObjects", "01_LinqWithObjects\01_LinqWithObjects.csproj", "{4731442E-57D1-4835-8987-B60BE469CFD3}"
EndProject
Project("{FAE04EC0-301F-11D3-BF4B-00C04F79EFBC}") = "02_LinqWithSets", "02_LinqWithSets\02_LinqWithSets.csproj", "{15E40B75-2072-420F-BA2E-387554E4A743}"
EndProject
Project("{FAE04EC0-301F-11D3-BF4B-00C04F79EFBC}") = "03_LinqWithEFCore", "03_LinqWithEFCore\03_LinqWithEFCore.csproj", "{3990BCE8-680D-4C55-AA20-C73DC95909AF}"
EndProject
Project("{FAE04EC0-301F-11D3-BF4B-00C04F79EFBC}") = "04_LinqInParallel", "04_LinqInParallel\04_LinqInParallel.csproj", "{C6660D68-6C81-41E8-AB74-C5D58F28997C}"
EndProject
Project("{FAE04EC0-301F-11D3-BF4B-00C04F79EFBC}") = "05_Exercise02", "05_Exercise02\05_Exercise02.csproj", "{1E14D884-8588-41D6-8BC1-69C4D1F0D252}"
EndProject
Global
	GlobalSection(SolutionConfigurationPlatforms) = preSolution
		Debug|Any CPU = Debug|Any CPU
		Release|Any CPU = Release|Any CPU
	EndGlobalSection
	GlobalSection(ProjectConfigurationPlatforms) = postSolution
		{4731442E-57D1-4835-8987-B60BE469CFD3}.Debug|Any CPU.ActiveCfg = Debug|Any CPU
		{4731442E-57D1-4835-8987-B60BE469CFD3}.Debug|Any CPU.Build.0 = Debug|Any CPU
		{4731442E-57D1-4835-8987-B60BE469CFD3}.Release|Any CPU.ActiveCfg = Release|Any CPU
		{4731442E-57D1-4835-8987-B60BE469CFD3}.Release|Any CPU.Build.0 = Release|Any CPU
		{15E40B75-2072-420F-BA2E-387554E4A743}.Debug|Any CPU.ActiveCfg = Debug|Any CPU
		{15E40B75-2072-420F-BA2E-387554E4A743}.Debug|Any CPU.Build.0 = Debug|Any CPU
		{15E40B75-2072-420F-BA2E-387554E4A743}.Release|Any CPU.ActiveCfg = Release|Any CPU
		{15E40B75-2072-420F-BA2E-387554E4A743}.Release|Any CPU.Build.0 = Release|Any CPU
		{3990BCE8-680D-4C55-AA20-C73DC95909AF}.Debug|Any CPU.ActiveCfg = Debug|Any CPU
		{3990BCE8-680D-4C55-AA20-C73DC95909AF}.Debug|Any CPU.Build.0 = Debug|Any CPU
		{3990BCE8-680D-4C55-AA20-C73DC95909AF}.Release|Any CPU.ActiveCfg = Release|Any CPU
		{3990BCE8-680D-4C55-AA20-C73DC95909AF}.Release|Any CPU.Build.0 = Release|Any CPU
		{C6660D68-6C81-41E8-AB74-C5D58F28997C}.Debug|Any CPU.ActiveCfg = Debug|Any CPU
		{C6660D68-6C81-41E8-AB74-C5D58F28997C}.Debug|Any CPU.Build.0 = Debug|Any CPU
		{C6660D68-6C81-41E8-AB74-C5D58F28997C}.Release|Any CPU.ActiveCfg = Release|Any CPU
		{C6660D68-6C81-41E8-AB74-C5D58F28997C}.Release|Any CPU.Build.0 = Release|Any CPU
		{1E14D884-8588-41D6-8BC1-69C4D1F0D252}.Debug|Any CPU.ActiveCfg = Debug|Any CPU
		{1E14D884-8588-41D6-8BC1-69C4D1F0D252}.Debug|Any CPU.Build.0 = Debug|Any CPU
		{1E14D884-8588-41D6-8BC1-69C4D1F0D252}.Release|Any CPU.ActiveCfg = Release|Any CPU
		{1E14D884-8588-41D6-8BC1-69C4D1F0D252}.Release|Any CPU.Build.0 = Release|Any CPU
	EndGlobalSection
	GlobalSection(SolutionProperties) = preSolution
		HideSolutionNode = FALSE
	EndGlobalSection
	GlobalSection(ExtensibilityGlobals) = postSolution
		SolutionGuid = {A98B407E-5A5A-49E5-A4BD-3D18187A7F14}
	EndGlobalSection
EndGlobal
